// !$*UTF8*$!
{
	archiveVersion = 1;
	classes = {
	};
	objectVersion = 55;
	objects = {

/* Begin PBXBuildFile section */
		642ED3E2289E1BAE002018EE /* libsqlite3.tbd in Frameworks */ = {isa = PBXBuildFile; fileRef = 642ED3E1289E1B9A002018EE /* libsqlite3.tbd */; };
		642ED3E7289E246B002018EE /* SQLiteManager.swift in Sources */ = {isa = PBXBuildFile; fileRef = 642ED3E6289E246B002018EE /* SQLiteManager.swift */; };
		642ED3E9289E451B002018EE /* testComponents.swift in Sources */ = {isa = PBXBuildFile; fileRef = 642ED3E8289E451B002018EE /* testComponents.swift */; };
		642ED3EC289E5490002018EE /* FMDB in Frameworks */ = {isa = PBXBuildFile; productRef = 642ED3EB289E5490002018EE /* FMDB */; };
		642ED3EE289E5B5D002018EE /* RecordModel.swift in Sources */ = {isa = PBXBuildFile; fileRef = 642ED3ED289E5B5D002018EE /* RecordModel.swift */; };
		642ED3F0289EAAF8002018EE /* RecordingPage.swift in Sources */ = {isa = PBXBuildFile; fileRef = 642ED3EF289EAAF8002018EE /* RecordingPage.swift */; };
		642ED3F2289EB1C8002018EE /* TypingPage.swift in Sources */ = {isa = PBXBuildFile; fileRef = 642ED3F1289EB1C8002018EE /* TypingPage.swift */; };
		642ED3F4289FA503002018EE /* StartingNewPage.swift in Sources */ = {isa = PBXBuildFile; fileRef = 642ED3F3289FA503002018EE /* StartingNewPage.swift */; };
		642ED3F6289FBD17002018EE /* ShowRecordPage.swift in Sources */ = {isa = PBXBuildFile; fileRef = 642ED3F5289FBD17002018EE /* ShowRecordPage.swift */; };
		642ED3F8289FBFFE002018EE /* SettingPage.swift in Sources */ = {isa = PBXBuildFile; fileRef = 642ED3F7289FBFFE002018EE /* SettingPage.swift */; };
		6433B51C28980DDB003D446D /* Conference_RecordingApp.swift in Sources */ = {isa = PBXBuildFile; fileRef = 6433B51B28980DDB003D446D /* Conference_RecordingApp.swift */; };
		6433B51E28980DDB003D446D /* ContentView.swift in Sources */ = {isa = PBXBuildFile; fileRef = 6433B51D28980DDB003D446D /* ContentView.swift */; };
		6433B52028980DDD003D446D /* Assets.xcassets in Resources */ = {isa = PBXBuildFile; fileRef = 6433B51F28980DDD003D446D /* Assets.xcassets */; };
		6433B52328980DDD003D446D /* Preview Assets.xcassets in Resources */ = {isa = PBXBuildFile; fileRef = 6433B52228980DDD003D446D /* Preview Assets.xcassets */; };
/* End PBXBuildFile section */

/* Begin PBXFileReference section */
		642ED3E1289E1B9A002018EE /* libsqlite3.tbd */ = {isa = PBXFileReference; lastKnownFileType = "sourcecode.text-based-dylib-definition"; name = libsqlite3.tbd; path = usr/lib/libsqlite3.tbd; sourceTree = SDKROOT; };
		642ED3E4289E1E11002018EE /* sqlHeader.h */ = {isa = PBXFileReference; lastKnownFileType = sourcecode.c.h; path = sqlHeader.h; sourceTree = "<group>"; };
		642ED3E6289E246B002018EE /* SQLiteManager.swift */ = {isa = PBXFileReference; lastKnownFileType = sourcecode.swift; path = SQLiteManager.swift; sourceTree = "<group>"; };
		642ED3E8289E451B002018EE /* testComponents.swift */ = {isa = PBXFileReference; lastKnownFileType = sourcecode.swift; path = testComponents.swift; sourceTree = "<group>"; };
		642ED3ED289E5B5D002018EE /* RecordModel.swift */ = {isa = PBXFileReference; lastKnownFileType = sourcecode.swift; path = RecordModel.swift; sourceTree = "<group>"; };
		642ED3EF289EAAF8002018EE /* RecordingPage.swift */ = {isa = PBXFileReference; lastKnownFileType = sourcecode.swift; path = RecordingPage.swift; sourceTree = "<group>"; };
		642ED3F1289EB1C8002018EE /* TypingPage.swift */ = {isa = PBXFileReference; lastKnownFileType = sourcecode.swift; path = TypingPage.swift; sourceTree = "<group>"; };
		642ED3F3289FA503002018EE /* StartingNewPage.swift */ = {isa = PBXFileReference; lastKnownFileType = sourcecode.swift; path = StartingNewPage.swift; sourceTree = "<group>"; };
		642ED3F5289FBD17002018EE /* ShowRecordPage.swift */ = {isa = PBXFileReference; lastKnownFileType = sourcecode.swift; path = ShowRecordPage.swift; sourceTree = "<group>"; };
		642ED3F7289FBFFE002018EE /* SettingPage.swift */ = {isa = PBXFileReference; lastKnownFileType = sourcecode.swift; path = SettingPage.swift; sourceTree = "<group>"; };
		6433B51828980DDB003D446D /* Conference Recording.app */ = {isa = PBXFileReference; explicitFileType = wrapper.application; includeInIndex = 0; path = "Conference Recording.app"; sourceTree = BUILT_PRODUCTS_DIR; };
		6433B51B28980DDB003D446D /* Conference_RecordingApp.swift */ = {isa = PBXFileReference; lastKnownFileType = sourcecode.swift; path = Conference_RecordingApp.swift; sourceTree = "<group>"; };
		6433B51D28980DDB003D446D /* ContentView.swift */ = {isa = PBXFileReference; lastKnownFileType = sourcecode.swift; path = ContentView.swift; sourceTree = "<group>"; };
		6433B51F28980DDD003D446D /* Assets.xcassets */ = {isa = PBXFileReference; lastKnownFileType = folder.assetcatalog; path = Assets.xcassets; sourceTree = "<group>"; };
		6433B52228980DDD003D446D /* Preview Assets.xcassets */ = {isa = PBXFileReference; lastKnownFileType = folder.assetcatalog; path = "Preview Assets.xcassets"; sourceTree = "<group>"; };
/* End PBXFileReference section */

/* Begin PBXFrameworksBuildPhase section */
		6433B51528980DDB003D446D /* Frameworks */ = {
			isa = PBXFrameworksBuildPhase;
			buildActionMask = 2147483647;
			files = (
				642ED3E2289E1BAE002018EE /* libsqlite3.tbd in Frameworks */,
				642ED3EC289E5490002018EE /* FMDB in Frameworks */,
			);
			runOnlyForDeploymentPostprocessing = 0;
		};
/* End PBXFrameworksBuildPhase section */

/* Begin PBXGroup section */
		642ED3E0289E1B99002018EE /* Frameworks */ = {
			isa = PBXGroup;
			children = (
				642ED3E1289E1B9A002018EE /* libsqlite3.tbd */,
			);
			name = Frameworks;
			sourceTree = "<group>";
		};
		642ED3E3289E1DD1002018EE /* Frameworks */ = {
			isa = PBXGroup;
			children = (
				642ED3E4289E1E11002018EE /* sqlHeader.h */,
			);
			path = Frameworks;
			sourceTree = "<group>";
		};
		642ED3E5289E242E002018EE /* Management */ = {
			isa = PBXGroup;
			children = (
				642ED3E6289E246B002018EE /* SQLiteManager.swift */,
				642ED3ED289E5B5D002018EE /* RecordModel.swift */,
			);
			path = Management;
			sourceTree = "<group>";
		};
		6433B50F28980DDB003D446D = {
			isa = PBXGroup;
			children = (
				6433B51A28980DDB003D446D /* Conference Recording */,
				6433B51928980DDB003D446D /* Products */,
				642ED3E0289E1B99002018EE /* Frameworks */,
			);
			sourceTree = "<group>";
		};
		6433B51928980DDB003D446D /* Products */ = {
			isa = PBXGroup;
			children = (
				6433B51828980DDB003D446D /* Conference Recording.app */,
			);
			name = Products;
			sourceTree = "<group>";
		};
		6433B51A28980DDB003D446D /* Conference Recording */ = {
			isa = PBXGroup;
			children = (
				642ED3E5289E242E002018EE /* Management */,
				642ED3E3289E1DD1002018EE /* Frameworks */,
				6433B51B28980DDB003D446D /* Conference_RecordingApp.swift */,
				6433B51D28980DDB003D446D /* ContentView.swift */,
				642ED3F5289FBD17002018EE /* ShowRecordPage.swift */,
				642ED3F3289FA503002018EE /* StartingNewPage.swift */,
				642ED3EF289EAAF8002018EE /* RecordingPage.swift */,
				642ED3F1289EB1C8002018EE /* TypingPage.swift */,
				642ED3F7289FBFFE002018EE /* SettingPage.swift */,
				642ED3E8289E451B002018EE /* testComponents.swift */,
				6433B51F28980DDD003D446D /* Assets.xcassets */,
				6433B52128980DDD003D446D /* Preview Content */,
			);
			path = "Conference Recording";
			sourceTree = "<group>";
		};
		6433B52128980DDD003D446D /* Preview Content */ = {
			isa = PBXGroup;
			children = (
				6433B52228980DDD003D446D /* Preview Assets.xcassets */,
			);
			path = "Preview Content";
			sourceTree = "<group>";
		};
/* End PBXGroup section */

/* Begin PBXNativeTarget section */
		6433B51728980DDB003D446D /* Conference Recording */ = {
			isa = PBXNativeTarget;
			buildConfigurationList = 6433B52628980DDD003D446D /* Build configuration list for PBXNativeTarget "Conference Recording" */;
			buildPhases = (
				6433B51428980DDB003D446D /* Sources */,
				6433B51528980DDB003D446D /* Frameworks */,
				6433B51628980DDB003D446D /* Resources */,
			);
			buildRules = (
			);
			dependencies = (
			);
			name = "Conference Recording";
			packageProductDependencies = (
				642ED3EB289E5490002018EE /* FMDB */,
			);
			productName = "Conference Recording";
			productReference = 6433B51828980DDB003D446D /* Conference Recording.app */;
			productType = "com.apple.product-type.application";
		};
/* End PBXNativeTarget section */

/* Begin PBXProject section */
		6433B51028980DDB003D446D /* Project object */ = {
			isa = PBXProject;
			attributes = {
				BuildIndependentTargetsInParallel = 1;
				LastSwiftUpdateCheck = 1300;
				LastUpgradeCheck = 1300;
				TargetAttributes = {
					6433B51728980DDB003D446D = {
						CreatedOnToolsVersion = 13.0;
					};
				};
			};
			buildConfigurationList = 6433B51328980DDB003D446D /* Build configuration list for PBXProject "Conference Recording" */;
			compatibilityVersion = "Xcode 13.0";
			developmentRegion = en;
			hasScannedForEncodings = 0;
			knownRegions = (
				en,
				Base,
			);
			mainGroup = 6433B50F28980DDB003D446D;
			packageReferences = (
				642ED3EA289E5490002018EE /* XCRemoteSwiftPackageReference "fmdb" */,
			);
			productRefGroup = 6433B51928980DDB003D446D /* Products */;
			projectDirPath = "";
			projectRoot = "";
			targets = (
				6433B51728980DDB003D446D /* Conference Recording */,
			);
		};
/* End PBXProject section */

/* Begin PBXResourcesBuildPhase section */
		6433B51628980DDB003D446D /* Resources */ = {
			isa = PBXResourcesBuildPhase;
			buildActionMask = 2147483647;
			files = (
				6433B52328980DDD003D446D /* Preview Assets.xcassets in Resources */,
				6433B52028980DDD003D446D /* Assets.xcassets in Resources */,
			);
			runOnlyForDeploymentPostprocessing = 0;
		};
/* End PBXResourcesBuildPhase section */

/* Begin PBXSourcesBuildPhase section */
		6433B51428980DDB003D446D /* Sources */ = {
			isa = PBXSourcesBuildPhase;
			buildActionMask = 2147483647;
			files = (
				642ED3E7289E246B002018EE /* SQLiteManager.swift in Sources */,
				642ED3F8289FBFFE002018EE /* SettingPage.swift in Sources */,
				642ED3E9289E451B002018EE /* testComponents.swift in Sources */,
				642ED3F0289EAAF8002018EE /* RecordingPage.swift in Sources */,
				642ED3F4289FA503002018EE /* StartingNewPage.swift in Sources */,
				6433B51E28980DDB003D446D /* ContentView.swift in Sources */,
				642ED3EE289E5B5D002018EE /* RecordModel.swift in Sources */,
				6433B51C28980DDB003D446D /* Conference_RecordingApp.swift in Sources */,
				642ED3F6289FBD17002018EE /* ShowRecordPage.swift in Sources */,
				642ED3F2289EB1C8002018EE /* TypingPage.swift in Sources */,
			);
			runOnlyForDeploymentPostprocessing = 0;
		};
/* End PBXSourcesBuildPhase section */

/* Begin XCBuildConfiguration section */
		6433B52428980DDD003D446D /* Debug */ = {
			isa = XCBuildConfiguration;
			buildSettings = {
				ALWAYS_SEARCH_USER_PATHS = NO;
				CLANG_ANALYZER_NONNULL = YES;
				CLANG_ANALYZER_NUMBER_OBJECT_CONVERSION = YES_AGGRESSIVE;
				CLANG_CXX_LANGUAGE_STANDARD = "gnu++17";
				CLANG_CXX_LIBRARY = "libc++";
				CLANG_ENABLE_MODULES = YES;
				CLANG_ENABLE_OBJC_ARC = YES;
				CLANG_ENABLE_OBJC_WEAK = YES;
				CLANG_WARN_BLOCK_CAPTURE_AUTORELEASING = YES;
				CLANG_WARN_BOOL_CONVERSION = YES;
				CLANG_WARN_COMMA = YES;
				CLANG_WARN_CONSTANT_CONVERSION = YES;
				CLANG_WARN_DEPRECATED_OBJC_IMPLEMENTATIONS = YES;
				CLANG_WARN_DIRECT_OBJC_ISA_USAGE = YES_ERROR;
				CLANG_WARN_DOCUMENTATION_COMMENTS = YES;
				CLANG_WARN_EMPTY_BODY = YES;
				CLANG_WARN_ENUM_CONVERSION = YES;
				CLANG_WARN_INFINITE_RECURSION = YES;
				CLANG_WARN_INT_CONVERSION = YES;
				CLANG_WARN_NON_LITERAL_NULL_CONVERSION = YES;
				CLANG_WARN_OBJC_IMPLICIT_RETAIN_SELF = YES;
				CLANG_WARN_OBJC_LITERAL_CONVERSION = YES;
				CLANG_WARN_OBJC_ROOT_CLASS = YES_ERROR;
				CLANG_WARN_QUOTED_INCLUDE_IN_FRAMEWORK_HEADER = YES;
				CLANG_WARN_RANGE_LOOP_ANALYSIS = YES;
				CLANG_WARN_STRICT_PROTOTYPES = YES;
				CLANG_WARN_SUSPICIOUS_MOVE = YES;
				CLANG_WARN_UNGUARDED_AVAILABILITY = YES_AGGRESSIVE;
				CLANG_WARN_UNREACHABLE_CODE = YES;
				CLANG_WARN__DUPLICATE_METHOD_MATCH = YES;
				COPY_PHASE_STRIP = NO;
				DEBUG_INFORMATION_FORMAT = dwarf;
				ENABLE_STRICT_OBJC_MSGSEND = YES;
				ENABLE_TESTABILITY = YES;
				GCC_C_LANGUAGE_STANDARD = gnu11;
				GCC_DYNAMIC_NO_PIC = NO;
				GCC_NO_COMMON_BLOCKS = YES;
				GCC_OPTIMIZATION_LEVEL = 0;
				GCC_PREPROCESSOR_DEFINITIONS = (
					"DEBUG=1",
					"$(inherited)",
				);
				GCC_WARN_64_TO_32_BIT_CONVERSION = YES;
				GCC_WARN_ABOUT_RETURN_TYPE = YES_ERROR;
				GCC_WARN_UNDECLARED_SELECTOR = YES;
				GCC_WARN_UNINITIALIZED_AUTOS = YES_AGGRESSIVE;
				GCC_WARN_UNUSED_FUNCTION = YES;
				GCC_WARN_UNUSED_VARIABLE = YES;
				IPHONEOS_DEPLOYMENT_TARGET = 14.5;
				MTL_ENABLE_DEBUG_INFO = INCLUDE_SOURCE;
				MTL_FAST_MATH = YES;
				ONLY_ACTIVE_ARCH = YES;
				SDKROOT = iphoneos;
				SWIFT_ACTIVE_COMPILATION_CONDITIONS = DEBUG;
				SWIFT_OPTIMIZATION_LEVEL = "-Onone";
			};
			name = Debug;
		};
		6433B52528980DDD003D446D /* Release */ = {
			isa = XCBuildConfiguration;
			buildSettings = {
				ALWAYS_SEARCH_USER_PATHS = NO;
				CLANG_ANALYZER_NONNULL = YES;
				CLANG_ANALYZER_NUMBER_OBJECT_CONVERSION = YES_AGGRESSIVE;
				CLANG_CXX_LANGUAGE_STANDARD = "gnu++17";
				CLANG_CXX_LIBRARY = "libc++";
				CLANG_ENABLE_MODULES = YES;
				CLANG_ENABLE_OBJC_ARC = YES;
				CLANG_ENABLE_OBJC_WEAK = YES;
				CLANG_WARN_BLOCK_CAPTURE_AUTORELEASING = YES;
				CLANG_WARN_BOOL_CONVERSION = YES;
				CLANG_WARN_COMMA = YES;
				CLANG_WARN_CONSTANT_CONVERSION = YES;
				CLANG_WARN_DEPRECATED_OBJC_IMPLEMENTATIONS = YES;
				CLANG_WARN_DIRECT_OBJC_ISA_USAGE = YES_ERROR;
				CLANG_WARN_DOCUMENTATION_COMMENTS = YES;
				CLANG_WARN_EMPTY_BODY = YES;
				CLANG_WARN_ENUM_CONVERSION = YES;
				CLANG_WARN_INFINITE_RECURSION = YES;
				CLANG_WARN_INT_CONVERSION = YES;
				CLANG_WARN_NON_LITERAL_NULL_CONVERSION = YES;
				CLANG_WARN_OBJC_IMPLICIT_RETAIN_SELF = YES;
				CLANG_WARN_OBJC_LITERAL_CONVERSION = YES;
				CLANG_WARN_OBJC_ROOT_CLASS = YES_ERROR;
				CLANG_WARN_QUOTED_INCLUDE_IN_FRAMEWORK_HEADER = YES;
				CLANG_WARN_RANGE_LOOP_ANALYSIS = YES;
				CLANG_WARN_STRICT_PROTOTYPES = YES;
				CLANG_WARN_SUSPICIOUS_MOVE = YES;
				CLANG_WARN_UNGUARDED_AVAILABILITY = YES_AGGRESSIVE;
				CLANG_WARN_UNREACHABLE_CODE = YES;
				CLANG_WARN__DUPLICATE_METHOD_MATCH = YES;
				COPY_PHASE_STRIP = NO;
				DEBUG_INFORMATION_FORMAT = "dwarf-with-dsym";
				ENABLE_NS_ASSERTIONS = NO;
				ENABLE_STRICT_OBJC_MSGSEND = YES;
				GCC_C_LANGUAGE_STANDARD = gnu11;
				GCC_NO_COMMON_BLOCKS = YES;
				GCC_WARN_64_TO_32_BIT_CONVERSION = YES;
				GCC_WARN_ABOUT_RETURN_TYPE = YES_ERROR;
				GCC_WARN_UNDECLARED_SELECTOR = YES;
				GCC_WARN_UNINITIALIZED_AUTOS = YES_AGGRESSIVE;
				GCC_WARN_UNUSED_FUNCTION = YES;
				GCC_WARN_UNUSED_VARIABLE = YES;
				IPHONEOS_DEPLOYMENT_TARGET = 14.5;
				MTL_ENABLE_DEBUG_INFO = NO;
				MTL_FAST_MATH = YES;
				SDKROOT = iphoneos;
				SWIFT_COMPILATION_MODE = wholemodule;
				SWIFT_OPTIMIZATION_LEVEL = "-O";
				VALIDATE_PRODUCT = YES;
			};
			name = Release;
		};
		6433B52728980DDD003D446D /* Debug */ = {
			isa = XCBuildConfiguration;
			buildSettings = {
				ASSETCATALOG_COMPILER_APPICON_NAME = AppIcon;
				ASSETCATALOG_COMPILER_GLOBAL_ACCENT_COLOR_NAME = AccentColor;
				CODE_SIGN_STYLE = Automatic;
				CURRENT_PROJECT_VERSION = 1;
				DEVELOPMENT_ASSET_PATHS = "\"Conference Recording/Preview Content\"";
				DEVELOPMENT_TEAM = 4752TZW2QV;
				ENABLE_PREVIEWS = YES;
				GENERATE_INFOPLIST_FILE = YES;
				INFOPLIST_KEY_UIApplicationSceneManifest_Generation = YES;
				INFOPLIST_KEY_UIApplicationSupportsIndirectInputEvents = YES;
				INFOPLIST_KEY_UILaunchScreen_Generation = YES;
				INFOPLIST_KEY_UISupportedInterfaceOrientations_iPad = "UIInterfaceOrientationPortrait UIInterfaceOrientationPortraitUpsideDown UIInterfaceOrientationLandscapeLeft UIInterfaceOrientationLandscapeRight";
				INFOPLIST_KEY_UISupportedInterfaceOrientations_iPhone = "UIInterfaceOrientationPortrait UIInterfaceOrientationLandscapeLeft UIInterfaceOrientationLandscapeRight";
				IPHONEOS_DEPLOYMENT_TARGET = 14.5;
				LD_RUNPATH_SEARCH_PATHS = (
					"$(inherited)",
					"@executable_path/Frameworks",
				);
				MARKETING_VERSION = 1.0;
				PRODUCT_BUNDLE_IDENTIFIER = "stephen1.Conference-Recording";
				PRODUCT_NAME = "$(TARGET_NAME)";
				SWIFT_EMIT_LOC_STRINGS = YES;
				SWIFT_OBJC_BRIDGING_HEADER = "Conference Recording/Frameworks/sqlHeader.h";
				SWIFT_VERSION = 5.0;
				TARGETED_DEVICE_FAMILY = "1,2";
			};
			name = Debug;
		};
		6433B52828980DDD003D446D /* Release */ = {
			isa = XCBuildConfiguration;
			buildSettings = {
				ASSETCATALOG_COMPILER_APPICON_NAME = AppIcon;
				ASSETCATALOG_COMPILER_GLOBAL_ACCENT_COLOR_NAME = AccentColor;
				CODE_SIGN_STYLE = Automatic;
				CURRENT_PROJECT_VERSION = 1;
				DEVELOPMENT_ASSET_PATHS = "\"Conference Recording/Preview Content\"";
				DEVELOPMENT_TEAM = 4752TZW2QV;
				ENABLE_PREVIEWS = YES;
				GENERATE_INFOPLIST_FILE = YES;
				INFOPLIST_KEY_UIApplicationSceneManifest_Generation = YES;
				INFOPLIST_KEY_UIApplicationSupportsIndirectInputEvents = YES;
				INFOPLIST_KEY_UILaunchScreen_Generation = YES;
				INFOPLIST_KEY_UISupportedInterfaceOrientations_iPad = "UIInterfaceOrientationPortrait UIInterfaceOrientationPortraitUpsideDown UIInterfaceOrientationLandscapeLeft UIInterfaceOrientationLandscapeRight";
				INFOPLIST_KEY_UISupportedInterfaceOrientations_iPhone = "UIInterfaceOrientationPortrait UIInterfaceOrientationLandscapeLeft UIInterfaceOrientationLandscapeRight";
				IPHONEOS_DEPLOYMENT_TARGET = 14.5;
				LD_RUNPATH_SEARCH_PATHS = (
					"$(inherited)",
					"@executable_path/Frameworks",
				);
				MARKETING_VERSION = 1.0;
				PRODUCT_BUNDLE_IDENTIFIER = "stephen1.Conference-Recording";
				PRODUCT_NAME = "$(TARGET_NAME)";
				SWIFT_EMIT_LOC_STRINGS = YES;
				SWIFT_OBJC_BRIDGING_HEADER = "Conference Recording/Frameworks/sqlHeader.h";
				SWIFT_VERSION = 5.0;
				TARGETED_DEVICE_FAMILY = "1,2";
			};
			name = Release;
		};
/* End XCBuildConfiguration section */

/* Begin XCConfigurationList section */
		6433B51328980DDB003D446D /* Build configuration list for PBXProject "Conference Recording" */ = {
			isa = XCConfigurationList;
			buildConfigurations = (
				6433B52428980DDD003D446D /* Debug */,
				6433B52528980DDD003D446D /* Release */,
			);
			defaultConfigurationIsVisible = 0;
			defaultConfigurationName = Release;
		};
		6433B52628980DDD003D446D /* Build configuration list for PBXNativeTarget "Conference Recording" */ = {
			isa = XCConfigurationList;
			buildConfigurations = (
				6433B52728980DDD003D446D /* Debug */,
				6433B52828980DDD003D446D /* Release */,
			);
			defaultConfigurationIsVisible = 0;
			defaultConfigurationName = Release;
		};
/* End XCConfigurationList section */

/* Begin XCRemoteSwiftPackageReference section */
		642ED3EA289E5490002018EE /* XCRemoteSwiftPackageReference "fmdb" */ = {
			isa = XCRemoteSwiftPackageReference;
			repositoryURL = "https://github.com/ccgus/fmdb";
			requirement = {
				kind = upToNextMajorVersion;
				minimumVersion = 2.0.0;
			};
		};
/* End XCRemoteSwiftPackageReference section */

/* Begin XCSwiftPackageProductDependency section */
		642ED3EB289E5490002018EE /* FMDB */ = {
			isa = XCSwiftPackageProductDependency;
			package = 642ED3EA289E5490002018EE /* XCRemoteSwiftPackageReference "fmdb" */;
			productName = FMDB;
		};
/* End XCSwiftPackageProductDependency section */
	};
	rootObject = 6433B51028980DDB003D446D /* Project object */;
}
